// !$*UTF8*$!
{
	archiveVersion = 1;
	classes = {
	};
	objectVersion = 46;
	objects = {

/* Begin PBXBuildFile section */
		83889B501AC59F500021C796 /* AppDelegate.swift in Sources */ = {isa = PBXBuildFile; fileRef = 83889B4F1AC59F500021C796 /* AppDelegate.swift */; };
		83889B521AC59F500021C796 /* ViewController.swift in Sources */ = {isa = PBXBuildFile; fileRef = 83889B511AC59F500021C796 /* ViewController.swift */; };
		83889B551AC59F500021C796 /* Main.storyboard in Resources */ = {isa = PBXBuildFile; fileRef = 83889B531AC59F500021C796 /* Main.storyboard */; };
		83889B571AC59F500021C796 /* Images.xcassets in Resources */ = {isa = PBXBuildFile; fileRef = 83889B561AC59F500021C796 /* Images.xcassets */; };
		83889B5A1AC59F500021C796 /* LaunchScreen.xib in Resources */ = {isa = PBXBuildFile; fileRef = 83889B581AC59F500021C796 /* LaunchScreen.xib */; };
		83889B661AC59F500021C796 /* SIOSwift2Tests.swift in Sources */ = {isa = PBXBuildFile; fileRef = 83889B651AC59F500021C796 /* SIOSwift2Tests.swift */; };
		83889B7B1AC5A0370021C796 /* SocketAckHandler.swift in Sources */ = {isa = PBXBuildFile; fileRef = 83889B711AC5A0370021C796 /* SocketAckHandler.swift */; };
		83889B7C1AC5A0370021C796 /* SocketEngine.swift in Sources */ = {isa = PBXBuildFile; fileRef = 83889B721AC5A0370021C796 /* SocketEngine.swift */; };
		83889B7D1AC5A0370021C796 /* SocketEngineClient.swift in Sources */ = {isa = PBXBuildFile; fileRef = 83889B731AC5A0370021C796 /* SocketEngineClient.swift */; };
		83889B7E1AC5A0370021C796 /* SocketEventHandler.swift in Sources */ = {isa = PBXBuildFile; fileRef = 83889B741AC5A0370021C796 /* SocketEventHandler.swift */; };
		83889B7F1AC5A0370021C796 /* SocketFixUTF8.swift in Sources */ = {isa = PBXBuildFile; fileRef = 83889B751AC5A0370021C796 /* SocketFixUTF8.swift */; };
		83889B801AC5A0370021C796 /* SocketIOClient.swift in Sources */ = {isa = PBXBuildFile; fileRef = 83889B761AC5A0370021C796 /* SocketIOClient.swift */; };
		83889B811AC5A0370021C796 /* SocketPacket.swift in Sources */ = {isa = PBXBuildFile; fileRef = 83889B771AC5A0370021C796 /* SocketPacket.swift */; };
		83889B821AC5A0370021C796 /* SocketParser.swift in Sources */ = {isa = PBXBuildFile; fileRef = 83889B781AC5A0370021C796 /* SocketParser.swift */; };
		83889B831AC5A0370021C796 /* SwiftRegex.swift in Sources */ = {isa = PBXBuildFile; fileRef = 83889B791AC5A0370021C796 /* SwiftRegex.swift */; };
		83889B841AC5A0370021C796 /* WebSocket.swift in Sources */ = {isa = PBXBuildFile; fileRef = 83889B7A1AC5A0370021C796 /* WebSocket.swift */; };
		83B41CB81AC743620082615A /* SwiftyJSON.swift in Sources */ = {isa = PBXBuildFile; fileRef = 83B41CB71AC743620082615A /* SwiftyJSON.swift */; };
/* End PBXBuildFile section */

/* Begin PBXContainerItemProxy section */
		83889B601AC59F500021C796 /* PBXContainerItemProxy */ = {
			isa = PBXContainerItemProxy;
			containerPortal = 83889B421AC59F500021C796 /* Project object */;
			proxyType = 1;
			remoteGlobalIDString = 83889B491AC59F500021C796;
			remoteInfo = SIOSwift2;
		};
/* End PBXContainerItemProxy section */

/* Begin PBXFileReference section */
		83889B4A1AC59F500021C796 /* SIOSwift2.app */ = {isa = PBXFileReference; explicitFileType = wrapper.application; includeInIndex = 0; path = SIOSwift2.app; sourceTree = BUILT_PRODUCTS_DIR; };
		83889B4E1AC59F500021C796 /* Info.plist */ = {isa = PBXFileReference; lastKnownFileType = text.plist.xml; path = Info.plist; sourceTree = "<group>"; };
		83889B4F1AC59F500021C796 /* AppDelegate.swift */ = {isa = PBXFileReference; lastKnownFileType = sourcecode.swift; path = AppDelegate.swift; sourceTree = "<group>"; };
		83889B511AC59F500021C796 /* ViewController.swift */ = {isa = PBXFileReference; lastKnownFileType = sourcecode.swift; path = ViewController.swift; sourceTree = "<group>"; };
		83889B541AC59F500021C796 /* Base */ = {isa = PBXFileReference; lastKnownFileType = file.storyboard; name = Base; path = Base.lproj/Main.storyboard; sourceTree = "<group>"; };
		83889B561AC59F500021C796 /* Images.xcassets */ = {isa = PBXFileReference; lastKnownFileType = folder.assetcatalog; path = Images.xcassets; sourceTree = "<group>"; };
		83889B591AC59F500021C796 /* Base */ = {isa = PBXFileReference; lastKnownFileType = file.xib; name = Base; path = Base.lproj/LaunchScreen.xib; sourceTree = "<group>"; };
		83889B5F1AC59F500021C796 /* SIOSwift2Tests.xctest */ = {isa = PBXFileReference; explicitFileType = wrapper.cfbundle; includeInIndex = 0; path = SIOSwift2Tests.xctest; sourceTree = BUILT_PRODUCTS_DIR; };
		83889B641AC59F500021C796 /* Info.plist */ = {isa = PBXFileReference; lastKnownFileType = text.plist.xml; path = Info.plist; sourceTree = "<group>"; };
		83889B651AC59F500021C796 /* SIOSwift2Tests.swift */ = {isa = PBXFileReference; lastKnownFileType = sourcecode.swift; path = SIOSwift2Tests.swift; sourceTree = "<group>"; };
		83889B711AC5A0370021C796 /* SocketAckHandler.swift */ = {isa = PBXFileReference; fileEncoding = 4; lastKnownFileType = sourcecode.swift; name = SocketAckHandler.swift; path = SwiftIO/SocketAckHandler.swift; sourceTree = "<group>"; };
		83889B721AC5A0370021C796 /* SocketEngine.swift */ = {isa = PBXFileReference; fileEncoding = 4; lastKnownFileType = sourcecode.swift; name = SocketEngine.swift; path = SwiftIO/SocketEngine.swift; sourceTree = "<group>"; };
		83889B731AC5A0370021C796 /* SocketEngineClient.swift */ = {isa = PBXFileReference; fileEncoding = 4; lastKnownFileType = sourcecode.swift; name = SocketEngineClient.swift; path = SwiftIO/SocketEngineClient.swift; sourceTree = "<group>"; };
		83889B741AC5A0370021C796 /* SocketEventHandler.swift */ = {isa = PBXFileReference; fileEncoding = 4; lastKnownFileType = sourcecode.swift; name = SocketEventHandler.swift; path = SwiftIO/SocketEventHandler.swift; sourceTree = "<group>"; };
		83889B751AC5A0370021C796 /* SocketFixUTF8.swift */ = {isa = PBXFileReference; fileEncoding = 4; lastKnownFileType = sourcecode.swift; name = SocketFixUTF8.swift; path = SwiftIO/SocketFixUTF8.swift; sourceTree = "<group>"; };
		83889B761AC5A0370021C796 /* SocketIOClient.swift */ = {isa = PBXFileReference; fileEncoding = 4; lastKnownFileType = sourcecode.swift; name = SocketIOClient.swift; path = SwiftIO/SocketIOClient.swift; sourceTree = "<group>"; };
		83889B771AC5A0370021C796 /* SocketPacket.swift */ = {isa = PBXFileReference; fileEncoding = 4; lastKnownFileType = sourcecode.swift; name = SocketPacket.swift; path = SwiftIO/SocketPacket.swift; sourceTree = "<group>"; };
		83889B781AC5A0370021C796 /* SocketParser.swift */ = {isa = PBXFileReference; fileEncoding = 4; lastKnownFileType = sourcecode.swift; name = SocketParser.swift; path = SwiftIO/SocketParser.swift; sourceTree = "<group>"; };
		83889B791AC5A0370021C796 /* SwiftRegex.swift */ = {isa = PBXFileReference; fileEncoding = 4; lastKnownFileType = sourcecode.swift; name = SwiftRegex.swift; path = SwiftIO/SwiftRegex.swift; sourceTree = "<group>"; };
		83889B7A1AC5A0370021C796 /* WebSocket.swift */ = {isa = PBXFileReference; fileEncoding = 4; lastKnownFileType = sourcecode.swift; name = WebSocket.swift; path = SwiftIO/WebSocket.swift; sourceTree = "<group>"; };
		83B41CB71AC743620082615A /* SwiftyJSON.swift */ = {isa = PBXFileReference; fileEncoding = 4; lastKnownFileType = sourcecode.swift; path = SwiftyJSON.swift; sourceTree = "<group>"; };
		83B41CBC1AC747AA0082615A /* SwiftyJSON.h */ = {isa = PBXFileReference; lastKnownFileType = sourcecode.c.h; path = SwiftyJSON.h; sourceTree = "<group>"; };
/* End PBXFileReference section */

/* Begin PBXFrameworksBuildPhase section */
		83889B471AC59F500021C796 /* Frameworks */ = {
			isa = PBXFrameworksBuildPhase;
			buildActionMask = 2147483647;
			files = (
			);
			runOnlyForDeploymentPostprocessing = 0;
		};
		83889B5C1AC59F500021C796 /* Frameworks */ = {
			isa = PBXFrameworksBuildPhase;
			buildActionMask = 2147483647;
			files = (
			);
			runOnlyForDeploymentPostprocessing = 0;
		};
/* End PBXFrameworksBuildPhase section */

/* Begin PBXGroup section */
		83889B411AC59F500021C796 = {
			isa = PBXGroup;
			children = (
				83889B4C1AC59F500021C796 /* SIOSwift2 */,
				83889B621AC59F500021C796 /* SIOSwift2Tests */,
				83889B4B1AC59F500021C796 /* Products */,
			);
			sourceTree = "<group>";
		};
		83889B4B1AC59F500021C796 /* Products */ = {
			isa = PBXGroup;
			children = (
				83889B4A1AC59F500021C796 /* SIOSwift2.app */,
				83889B5F1AC59F500021C796 /* SIOSwift2Tests.xctest */,
			);
			name = Products;
			sourceTree = "<group>";
		};
		83889B4C1AC59F500021C796 /* SIOSwift2 */ = {
			isa = PBXGroup;
			children = (
				83889B4F1AC59F500021C796 /* AppDelegate.swift */,
				83889B511AC59F500021C796 /* ViewController.swift */,
				83889B531AC59F500021C796 /* Main.storyboard */,
				83889B561AC59F500021C796 /* Images.xcassets */,
				83889B581AC59F500021C796 /* LaunchScreen.xib */,
				83889B4D1AC59F500021C796 /* Supporting Files */,
			);
			path = SIOSwift2;
			sourceTree = "<group>";
		};
		83889B4D1AC59F500021C796 /* Supporting Files */ = {
			isa = PBXGroup;
			children = (
				83B41CBC1AC747AA0082615A /* SwiftyJSON.h */,
				83B41CB71AC743620082615A /* SwiftyJSON.swift */,
				83889B711AC5A0370021C796 /* SocketAckHandler.swift */,
				83889B721AC5A0370021C796 /* SocketEngine.swift */,
				83889B731AC5A0370021C796 /* SocketEngineClient.swift */,
				83889B741AC5A0370021C796 /* SocketEventHandler.swift */,
				83889B751AC5A0370021C796 /* SocketFixUTF8.swift */,
				83889B761AC5A0370021C796 /* SocketIOClient.swift */,
				83889B771AC5A0370021C796 /* SocketPacket.swift */,
				83889B781AC5A0370021C796 /* SocketParser.swift */,
				83889B791AC5A0370021C796 /* SwiftRegex.swift */,
				83889B7A1AC5A0370021C796 /* WebSocket.swift */,
				83889B4E1AC59F500021C796 /* Info.plist */,
			);
			name = "Supporting Files";
			sourceTree = "<group>";
		};
		83889B621AC59F500021C796 /* SIOSwift2Tests */ = {
			isa = PBXGroup;
			children = (
				83889B651AC59F500021C796 /* SIOSwift2Tests.swift */,
				83889B631AC59F500021C796 /* Supporting Files */,
			);
			path = SIOSwift2Tests;
			sourceTree = "<group>";
		};
		83889B631AC59F500021C796 /* Supporting Files */ = {
			isa = PBXGroup;
			children = (
				83889B641AC59F500021C796 /* Info.plist */,
			);
			name = "Supporting Files";
			sourceTree = "<group>";
		};
/* End PBXGroup section */

/* Begin PBXNativeTarget section */
		83889B491AC59F500021C796 /* SIOSwift2 */ = {
			isa = PBXNativeTarget;
			buildConfigurationList = 83889B691AC59F500021C796 /* Build configuration list for PBXNativeTarget "SIOSwift2" */;
			buildPhases = (
				83889B461AC59F500021C796 /* Sources */,
				83889B471AC59F500021C796 /* Frameworks */,
				83889B481AC59F500021C796 /* Resources */,
			);
			buildRules = (
			);
			dependencies = (
			);
			name = SIOSwift2;
			productName = SIOSwift2;
			productReference = 83889B4A1AC59F500021C796 /* SIOSwift2.app */;
			productType = "com.apple.product-type.application";
		};
		83889B5E1AC59F500021C796 /* SIOSwift2Tests */ = {
			isa = PBXNativeTarget;
			buildConfigurationList = 83889B6C1AC59F500021C796 /* Build configuration list for PBXNativeTarget "SIOSwift2Tests" */;
			buildPhases = (
				83889B5B1AC59F500021C796 /* Sources */,
				83889B5C1AC59F500021C796 /* Frameworks */,
				83889B5D1AC59F500021C796 /* Resources */,
			);
			buildRules = (
			);
			dependencies = (
				83889B611AC59F500021C796 /* PBXTargetDependency */,
			);
			name = SIOSwift2Tests;
			productName = SIOSwift2Tests;
			productReference = 83889B5F1AC59F500021C796 /* SIOSwift2Tests.xctest */;
			productType = "com.apple.product-type.bundle.unit-test";
		};
/* End PBXNativeTarget section */

/* Begin PBXProject section */
		83889B421AC59F500021C796 /* Project object */ = {
			isa = PBXProject;
			attributes = {
				LastUpgradeCheck = 0630;
				ORGANIZATIONNAME = "Chris Yang";
				TargetAttributes = {
					83889B491AC59F500021C796 = {
						CreatedOnToolsVersion = 6.3;
						DevelopmentTeam = 35ZD8P274R;
					};
					83889B5E1AC59F500021C796 = {
						CreatedOnToolsVersion = 6.3;
						TestTargetID = 83889B491AC59F500021C796;
					};
				};
			};
			buildConfigurationList = 83889B451AC59F500021C796 /* Build configuration list for PBXProject "SIOSwift2" */;
			compatibilityVersion = "Xcode 3.2";
			developmentRegion = English;
			hasScannedForEncodings = 0;
			knownRegions = (
				en,
				Base,
			);
			mainGroup = 83889B411AC59F500021C796;
			productRefGroup = 83889B4B1AC59F500021C796 /* Products */;
			projectDirPath = "";
			projectRoot = "";
			targets = (
				83889B491AC59F500021C796 /* SIOSwift2 */,
				83889B5E1AC59F500021C796 /* SIOSwift2Tests */,
			);
		};
/* End PBXProject section */

/* Begin PBXResourcesBuildPhase section */
		83889B481AC59F500021C796 /* Resources */ = {
			isa = PBXResourcesBuildPhase;
			buildActionMask = 2147483647;
			files = (
				83889B551AC59F500021C796 /* Main.storyboard in Resources */,
				83889B5A1AC59F500021C796 /* LaunchScreen.xib in Resources */,
				83889B571AC59F500021C796 /* Images.xcassets in Resources */,
			);
			runOnlyForDeploymentPostprocessing = 0;
		};
		83889B5D1AC59F500021C796 /* Resources */ = {
			isa = PBXResourcesBuildPhase;
			buildActionMask = 2147483647;
			files = (
			);
			runOnlyForDeploymentPostprocessing = 0;
		};
/* End PBXResourcesBuildPhase section */

/* Begin PBXSourcesBuildPhase section */
		83889B461AC59F500021C796 /* Sources */ = {
			isa = PBXSourcesBuildPhase;
			buildActionMask = 2147483647;
			files = (
				83889B7F1AC5A0370021C796 /* SocketFixUTF8.swift in Sources */,
				83889B841AC5A0370021C796 /* WebSocket.swift in Sources */,
				83889B821AC5A0370021C796 /* SocketParser.swift in Sources */,
				83889B7E1AC5A0370021C796 /* SocketEventHandler.swift in Sources */,
				83889B7C1AC5A0370021C796 /* SocketEngine.swift in Sources */,
				83889B521AC59F500021C796 /* ViewController.swift in Sources */,
				83889B831AC5A0370021C796 /* SwiftRegex.swift in Sources */,
				83889B7B1AC5A0370021C796 /* SocketAckHandler.swift in Sources */,
				83889B7D1AC5A0370021C796 /* SocketEngineClient.swift in Sources */,
				83889B501AC59F500021C796 /* AppDelegate.swift in Sources */,
				83889B811AC5A0370021C796 /* SocketPacket.swift in Sources */,
				83B41CB81AC743620082615A /* SwiftyJSON.swift in Sources */,
				83889B801AC5A0370021C796 /* SocketIOClient.swift in Sources */,
			);
			runOnlyForDeploymentPostprocessing = 0;
		};
		83889B5B1AC59F500021C796 /* Sources */ = {
			isa = PBXSourcesBuildPhase;
			buildActionMask = 2147483647;
			files = (
				83889B661AC59F500021C796 /* SIOSwift2Tests.swift in Sources */,
			);
			runOnlyForDeploymentPostprocessing = 0;
		};
/* End PBXSourcesBuildPhase section */

/* Begin PBXTargetDependency section */
		83889B611AC59F500021C796 /* PBXTargetDependency */ = {
			isa = PBXTargetDependency;
			target = 83889B491AC59F500021C796 /* SIOSwift2 */;
			targetProxy = 83889B601AC59F500021C796 /* PBXContainerItemProxy */;
		};
/* End PBXTargetDependency section */

/* Begin PBXVariantGroup section */
		83889B531AC59F500021C796 /* Main.storyboard */ = {
			isa = PBXVariantGroup;
			children = (
				83889B541AC59F500021C796 /* Base */,
			);
			name = Main.storyboard;
			sourceTree = "<group>";
		};
		83889B581AC59F500021C796 /* LaunchScreen.xib */ = {
			isa = PBXVariantGroup;
			children = (
				83889B591AC59F500021C796 /* Base */,
			);
			name = LaunchScreen.xib;
			sourceTree = "<group>";
		};
/* End PBXVariantGroup section */

/* Begin XCBuildConfiguration section */
		83889B671AC59F500021C796 /* Debug */ = {
			isa = XCBuildConfiguration;
			buildSettings = {
				ALWAYS_SEARCH_USER_PATHS = NO;
				CLANG_CXX_LANGUAGE_STANDARD = "gnu++0x";
				CLANG_CXX_LIBRARY = "libc++";
				CLANG_ENABLE_MODULES = YES;
				CLANG_ENABLE_OBJC_ARC = YES;
				CLANG_WARN_BOOL_CONVERSION = YES;
				CLANG_WARN_CONSTANT_CONVERSION = YES;
				CLANG_WARN_DIRECT_OBJC_ISA_USAGE = YES_ERROR;
				CLANG_WARN_EMPTY_BODY = YES;
				CLANG_WARN_ENUM_CONVERSION = YES;
				CLANG_WARN_INT_CONVERSION = YES;
				CLANG_WARN_OBJC_ROOT_CLASS = YES_ERROR;
				CLANG_WARN_UNREACHABLE_CODE = YES;
				CLANG_WARN__DUPLICATE_METHOD_MATCH = YES;
				"CODE_SIGN_IDENTITY[sdk=iphoneos*]" = "iPhone Developer";
				COPY_PHASE_STRIP = NO;
				DEBUG_INFORMATION_FORMAT = dwarf;
				ENABLE_STRICT_OBJC_MSGSEND = YES;
				GCC_C_LANGUAGE_STANDARD = gnu99;
				GCC_DYNAMIC_NO_PIC = NO;
				GCC_NO_COMMON_BLOCKS = YES;
				GCC_OPTIMIZATION_LEVEL = 0;
				GCC_PREPROCESSOR_DEFINITIONS = (
					"DEBUG=1",
					"$(inherited)",
				);
				GCC_SYMBOLS_PRIVATE_EXTERN = NO;
				GCC_WARN_64_TO_32_BIT_CONVERSION = YES;
				GCC_WARN_ABOUT_RETURN_TYPE = YES_ERROR;
				GCC_WARN_UNDECLARED_SELECTOR = YES;
				GCC_WARN_UNINITIALIZED_AUTOS = YES_AGGRESSIVE;
				GCC_WARN_UNUSED_FUNCTION = YES;
				GCC_WARN_UNUSED_VARIABLE = YES;
				IPHONEOS_DEPLOYMENT_TARGET = 8.3;
				MTL_ENABLE_DEBUG_INFO = YES;
				ONLY_ACTIVE_ARCH = YES;
				SDKROOT = iphoneos;
				SWIFT_OPTIMIZATION_LEVEL = "-Onone";
				TARGETED_DEVICE_FAMILY = "1,2";
			};
			name = Debug;
		};
		83889B681AC59F500021C796 /* Release */ = {
			isa = XCBuildConfiguration;
			buildSettings = {
				ALWAYS_SEARCH_USER_PATHS = NO;
				CLANG_CXX_LANGUAGE_STANDARD = "gnu++0x";
				CLANG_CXX_LIBRARY = "libc++";
				CLANG_ENABLE_MODULES = YES;
				CLANG_ENABLE_OBJC_ARC = YES;
				CLANG_WARN_BOOL_CONVERSION = YES;
				CLANG_WARN_CONSTANT_CONVERSION = YES;
				CLANG_WARN_DIRECT_OBJC_ISA_USAGE = YES_ERROR;
				CLANG_WARN_EMPTY_BODY = YES;
				CLANG_WARN_ENUM_CONVERSION = YES;
				CLANG_WARN_INT_CONVERSION = YES;
				CLANG_WARN_OBJC_ROOT_CLASS = YES_ERROR;
				CLANG_WARN_UNREACHABLE_CODE = YES;
				CLANG_WARN__DUPLICATE_METHOD_MATCH = YES;
				"CODE_SIGN_IDENTITY[sdk=iphoneos*]" = "iPhone Developer";
				COPY_PHASE_STRIP = NO;
				DEBUG_INFORMATION_FORMAT = "dwarf-with-dsym";
				ENABLE_NS_ASSERTIONS = NO;
				ENABLE_STRICT_OBJC_MSGSEND = YES;
				GCC_C_LANGUAGE_STANDARD = gnu99;
				GCC_NO_COMMON_BLOCKS = YES;
				GCC_WARN_64_TO_32_BIT_CONVERSION = YES;
				GCC_WARN_ABOUT_RETURN_TYPE = YES_ERROR;
				GCC_WARN_UNDECLARED_SELECTOR = YES;
				GCC_WARN_UNINITIALIZED_AUTOS = YES_AGGRESSIVE;
				GCC_WARN_UNUSED_FUNCTION = YES;
				GCC_WARN_UNUSED_VARIABLE = YES;
				IPHONEOS_DEPLOYMENT_TARGET = 8.3;
				MTL_ENABLE_DEBUG_INFO = NO;
				SDKROOT = iphoneos;
				TARGETED_DEVICE_FAMILY = "1,2";
				VALIDATE_PRODUCT = YES;
			};
			name = Release;
		};
		83889B6A1AC59F500021C796 /* Debug */ = {
			isa = XCBuildConfiguration;
			buildSettings = {
				ASSETCATALOG_COMPILER_APPICON_NAME = AppIcon;
				CODE_SIGN_IDENTITY = "iPhone Developer";
				INFOPLIST_FILE = SIOSwift2/Info.plist;
				LD_RUNPATH_SEARCH_PATHS = "$(inherited) @executable_path/Frameworks";
				PRODUCT_NAME = "$(TARGET_NAME)";
			};
			name = Debug;
		};
		83889B6B1AC59F500021C796 /* Release */ = {
			isa = XCBuildConfiguration;
			buildSettings = {
				ASSETCATALOG_COMPILER_APPICON_NAME = AppIcon;
				CODE_SIGN_IDENTITY = "iPhone Developer";
				INFOPLIST_FILE = SIOSwift2/Info.plist;
				LD_RUNPATH_SEARCH_PATHS = "$(inherited) @executable_path/Frameworks";
				PRODUCT_NAME = "$(TARGET_NAME)";
			};
			name = Release;
		};
		83889B6D1AC59F500021C796 /* Debug */ = {
			isa = XCBuildConfiguration;
			buildSettings = {
				BUNDLE_LOADER = "$(TEST_HOST)";
				FRAMEWORK_SEARCH_PATHS = (
					"$(SDKROOT)/Developer/Library/Frameworks",
					"$(inherited)",
				);
				GCC_PREPROCESSOR_DEFINITIONS = (
					"DEBUG=1",
					"$(inherited)",
				);
				INFOPLIST_FILE = SIOSwift2Tests/Info.plist;
				LD_RUNPATH_SEARCH_PATHS = "$(inherited) @executable_path/Frameworks @loader_path/Frameworks";
				PRODUCT_NAME = "$(TARGET_NAME)";
				TEST_HOST = "$(BUILT_PRODUCTS_DIR)/SIOSwift2.app/SIOSwift2";
			};
			name = Debug;
		};
		83889B6E1AC59F500021C796 /* Release */ = {
			isa = XCBuildConfiguration;
			buildSettings = {
				BUNDLE_LOADER = "$(TEST_HOST)";
				FRAMEWORK_SEARCH_PATHS = (
					"$(SDKROOT)/Developer/Library/Frameworks",
					"$(inherited)",
				);
				INFOPLIST_FILE = SIOSwift2Tests/Info.plist;
				LD_RUNPATH_SEARCH_PATHS = "$(inherited) @executable_path/Frameworks @loader_path/Frameworks";
				PRODUCT_NAME = "$(TARGET_NAME)";
				TEST_HOST = "$(BUILT_PRODUCTS_DIR)/SIOSwift2.app/SIOSwift2";
			};
			name = Release;
		};
/* End XCBuildConfiguration section */

/* Begin XCConfigurationList section */
		83889B451AC59F500021C796 /* Build configuration list for PBXProject "SIOSwift2" */ = {
			isa = XCConfigurationList;
			buildConfigurations = (
				83889B671AC59F500021C796 /* Debug */,
				83889B681AC59F500021C796 /* Release */,
			);
			defaultConfigurationIsVisible = 0;
			defaultConfigurationName = Release;
		};
		83889B691AC59F500021C796 /* Build configuration list for PBXNativeTarget "SIOSwift2" */ = {
			isa = XCConfigurationList;
			buildConfigurations = (
				83889B6A1AC59F500021C796 /* Debug */,
				83889B6B1AC59F500021C796 /* Release */,
			);
			defaultConfigurationIsVisible = 0;
			defaultConfigurationName = Release;
		};
		83889B6C1AC59F500021C796 /* Build configuration list for PBXNativeTarget "SIOSwift2Tests" */ = {
			isa = XCConfigurationList;
			buildConfigurations = (
				83889B6D1AC59F500021C796 /* Debug */,
				83889B6E1AC59F500021C796 /* Release */,
			);
			defaultConfigurationIsVisible = 0;
			defaultConfigurationName = Release;
		};
/* End XCConfigurationList section */
	};
	rootObject = 83889B421AC59F500021C796 /* Project object */;
}
